
Microsoft Visual Studio Solution File, Format Version 12.00
# Visual Studio Version 16
VisualStudioVersion = 16.0.30907.101
MinimumVisualStudioVersion = 10.0.40219.1
Project("{FAE04EC0-301F-11D3-BF4B-00C04F79EFBC}") = "AssetManager", "AssetManager\AssetManager.csproj", "{0E1E49D5-A826-425A-A8C0-72BEA13FDC98}"
EndProject
Global
	GlobalSection(SolutionConfigurationPlatforms) = preSolution
		Debug|Any CPU = Debug|Any CPU
		Release|Any CPU = Release|Any CPU
	EndGlobalSection
	GlobalSection(ProjectConfigurationPlatforms) = postSolution
		{0E1E49D5-A826-425A-A8C0-72BEA13FDC98}.Debug|Any CPU.ActiveCfg = Debug|Any CPU
		{0E1E49D5-A826-425A-A8C0-72BEA13FDC98}.Debug|Any CPU.Build.0 = Debug|Any CPU
		{0E1E49D5-A826-425A-A8C0-72BEA13FDC98}.Release|Any CPU.ActiveCfg = Release|Any CPU
		{0E1E49D5-A826-425A-A8C0-72BEA13FDC98}.Release|Any CPU.Build.0 = Release|Any CPU
	EndGlobalSection
	GlobalSection(SolutionProperties) = preSolution
		HideSolutionNode = FALSE
	EndGlobalSection
	GlobalSection(ExtensibilityGlobals) = postSolution
		SolutionGuid = {41FB89AA-E96D-4B27-9AED-C7E8DF80AF0C}
	EndGlobalSection
EndGlobal
